
Microsoft Visual Studio Solution File, Format Version 12.00
# Visual Studio Version 17
VisualStudioVersion = 17.3.32901.215
MinimumVisualStudioVersion = 10.0.40219.1
Project("{FAE04EC0-301F-11D3-BF4B-00C04F79EFBC}") = "HawinarSecondCollection", "HawinarSecondCollection\HawinarSecondCollection.csproj", "{5FE8823C-5FD6-440B-907B-D025FEC6A72E}"
EndProject
Global
	GlobalSection(SolutionConfigurationPlatforms) = preSolution
		Debug|Any CPU = Debug|Any CPU
		Release|Any CPU = Release|Any CPU
	EndGlobalSection
	GlobalSection(ProjectConfigurationPlatforms) = postSolution
		{5FE8823C-5FD6-440B-907B-D025FEC6A72E}.Debug|Any CPU.ActiveCfg = Debug|Any CPU
		{5FE8823C-5FD6-440B-907B-D025FEC6A72E}.Debug|Any CPU.Build.0 = Debug|Any CPU
		{5FE8823C-5FD6-440B-907B-D025FEC6A72E}.Release|Any CPU.ActiveCfg = Release|Any CPU
		{5FE8823C-5FD6-440B-907B-D025FEC6A72E}.Release|Any CPU.Build.0 = Release|Any CPU
	EndGlobalSection
	GlobalSection(SolutionProperties) = preSolution
		HideSolutionNode = FALSE
	EndGlobalSection
	GlobalSection(ExtensibilityGlobals) = postSolution
		SolutionGuid = {BE2C0CEA-B11C-424E-B8D2-C93FC5C072A4}
	EndGlobalSection
EndGlobal
